// !$*UTF8*$!
{
	archiveVersion = 1;
	classes = {
	};
	objectVersion = 50;
	objects = {

/* Begin PBXBuildFile section */
		8E0DB1C02495662C0094972A /* StringUtility.swift in Sources */ = {isa = PBXBuildFile; fileRef = 8E0DB1B6249563C60094972A /* StringUtility.swift */; };
		8E0DB1C12495662C0094972A /* KeyEntry.swift in Sources */ = {isa = PBXBuildFile; fileRef = 8E0DB1B7249563C60094972A /* KeyEntry.swift */; };
		8E0DB1C22495662C0094972A /* Result+Utility.swift in Sources */ = {isa = PBXBuildFile; fileRef = 8E0DB1B8249563C60094972A /* Result+Utility.swift */; };
		8E0DB1C32495662C0094972A /* OutputStream.swift in Sources */ = {isa = PBXBuildFile; fileRef = 8E0DB1B9249563C60094972A /* OutputStream.swift */; };
		8E0DB1C42495662C0094972A /* TransformativeOutputStream.swift in Sources */ = {isa = PBXBuildFile; fileRef = 8E0DB1B5249563C60094972A /* TransformativeOutputStream.swift */; };
		8E0DB1C52495662C0094972A /* TransformativeOutputStream+Examples.swift in Sources */ = {isa = PBXBuildFile; fileRef = 8E0DB1BE249564CF0094972A /* TransformativeOutputStream+Examples.swift */; };
		8E0DB1C62495662C0094972A /* Utility.swift in Sources */ = {isa = PBXBuildFile; fileRef = 8E0DB1BA249563C60094972A /* Utility.swift */; };
		8E0DB1C72495662C0094972A /* Execute.swift in Sources */ = {isa = PBXBuildFile; fileRef = 8E0DB1BB249563C60094972A /* Execute.swift */; };
		8E0DB1C82495662C0094972A /* Applicative.swift in Sources */ = {isa = PBXBuildFile; fileRef = 8E0DB1BC249563C60094972A /* Applicative.swift */; };
		8E0DB1C92495662C0094972A /* RuntimeError.swift in Sources */ = {isa = PBXBuildFile; fileRef = 8E0DB1BD249563C60094972A /* RuntimeError.swift */; };
		8E0DB1CA249566340094972A /* main.swift in Sources */ = {isa = PBXBuildFile; fileRef = 8E3D05392492A49600C11AE1 /* main.swift */; };
		8E0DB1CC24956CD60094972A /* SynchronousData.swift in Sources */ = {isa = PBXBuildFile; fileRef = 8E0DB1CB24956CD60094972A /* SynchronousData.swift */; };
		8E312F342493189500734C68 /* libncurses.tbd in Frameworks */ = {isa = PBXBuildFile; fileRef = 8E312F332493189500734C68 /* libncurses.tbd */; };
/* End PBXBuildFile section */

/* Begin PBXCopyFilesBuildPhase section */
		8E3D05342492A49600C11AE1 /* CopyFiles */ = {
			isa = PBXCopyFilesBuildPhase;
			buildActionMask = 2147483647;
			dstPath = /usr/share/man/man1/;
			dstSubfolderSpec = 0;
			files = (
			);
			runOnlyForDeploymentPostprocessing = 1;
		};
/* End PBXCopyFilesBuildPhase section */

/* Begin PBXFileReference section */
		8E0DB1B5249563C60094972A /* TransformativeOutputStream.swift */ = {isa = PBXFileReference; lastKnownFileType = sourcecode.swift; path = TransformativeOutputStream.swift; sourceTree = "<group>"; };
		8E0DB1B6249563C60094972A /* StringUtility.swift */ = {isa = PBXFileReference; lastKnownFileType = sourcecode.swift; path = StringUtility.swift; sourceTree = "<group>"; };
		8E0DB1B7249563C60094972A /* KeyEntry.swift */ = {isa = PBXFileReference; lastKnownFileType = sourcecode.swift; path = KeyEntry.swift; sourceTree = "<group>"; };
		8E0DB1B8249563C60094972A /* Result+Utility.swift */ = {isa = PBXFileReference; lastKnownFileType = sourcecode.swift; path = "Result+Utility.swift"; sourceTree = "<group>"; };
		8E0DB1B9249563C60094972A /* OutputStream.swift */ = {isa = PBXFileReference; lastKnownFileType = sourcecode.swift; path = OutputStream.swift; sourceTree = "<group>"; };
		8E0DB1BA249563C60094972A /* Utility.swift */ = {isa = PBXFileReference; lastKnownFileType = sourcecode.swift; path = Utility.swift; sourceTree = "<group>"; };
		8E0DB1BB249563C60094972A /* Execute.swift */ = {isa = PBXFileReference; lastKnownFileType = sourcecode.swift; path = Execute.swift; sourceTree = "<group>"; };
		8E0DB1BC249563C60094972A /* Applicative.swift */ = {isa = PBXFileReference; lastKnownFileType = sourcecode.swift; path = Applicative.swift; sourceTree = "<group>"; };
		8E0DB1BD249563C60094972A /* RuntimeError.swift */ = {isa = PBXFileReference; lastKnownFileType = sourcecode.swift; path = RuntimeError.swift; sourceTree = "<group>"; };
		8E0DB1BE249564CF0094972A /* TransformativeOutputStream+Examples.swift */ = {isa = PBXFileReference; lastKnownFileType = sourcecode.swift; path = "TransformativeOutputStream+Examples.swift"; sourceTree = "<group>"; };
		8E0DB1CB24956CD60094972A /* SynchronousData.swift */ = {isa = PBXFileReference; lastKnownFileType = sourcecode.swift; path = SynchronousData.swift; sourceTree = "<group>"; };
		8E312F332493189500734C68 /* libncurses.tbd */ = {isa = PBXFileReference; lastKnownFileType = "sourcecode.text-based-dylib-definition"; name = libncurses.tbd; path = usr/lib/libncurses.tbd; sourceTree = SDKROOT; };
		8E3D05362492A49600C11AE1 /* Swift-Cmdline-Utility */ = {isa = PBXFileReference; explicitFileType = "compiled.mach-o.executable"; includeInIndex = 0; path = "Swift-Cmdline-Utility"; sourceTree = BUILT_PRODUCTS_DIR; };
		8E3D05392492A49600C11AE1 /* main.swift */ = {isa = PBXFileReference; lastKnownFileType = sourcecode.swift; path = main.swift; sourceTree = "<group>"; };
/* End PBXFileReference section */

/* Begin PBXFrameworksBuildPhase section */
		8E3D05332492A49600C11AE1 /* Frameworks */ = {
			isa = PBXFrameworksBuildPhase;
			buildActionMask = 2147483647;
			files = (
				8E312F342493189500734C68 /* libncurses.tbd in Frameworks */,
			);
			runOnlyForDeploymentPostprocessing = 0;
		};
/* End PBXFrameworksBuildPhase section */

/* Begin PBXGroup section */
		8E0DB1B4249563C60094972A /* Sources */ = {
			isa = PBXGroup;
			children = (
				8E0DB1B6249563C60094972A /* StringUtility.swift */,
				8E0DB1B7249563C60094972A /* KeyEntry.swift */,
				8E0DB1B8249563C60094972A /* Result+Utility.swift */,
				8E0DB1B9249563C60094972A /* OutputStream.swift */,
				8E0DB1B5249563C60094972A /* TransformativeOutputStream.swift */,
				8E0DB1BE249564CF0094972A /* TransformativeOutputStream+Examples.swift */,
				8E0DB1BA249563C60094972A /* Utility.swift */,
				8E0DB1CB24956CD60094972A /* SynchronousData.swift */,
				8E0DB1BB249563C60094972A /* Execute.swift */,
				8E0DB1BC249563C60094972A /* Applicative.swift */,
				8E0DB1BD249563C60094972A /* RuntimeError.swift */,
			);
			path = Sources;
			sourceTree = SOURCE_ROOT;
		};
		8E312F322493189500734C68 /* Frameworks */ = {
			isa = PBXGroup;
			children = (
				8E312F332493189500734C68 /* libncurses.tbd */,
			);
			name = Frameworks;
			sourceTree = "<group>";
		};
		8E3D052D2492A49600C11AE1 = {
			isa = PBXGroup;
			children = (
				8E3D05382492A49600C11AE1 /* Swift-Cmdline-Utility */,
				8E3D05372492A49600C11AE1 /* Products */,
				8E312F322493189500734C68 /* Frameworks */,
			);
			sourceTree = "<group>";
		};
		8E3D05372492A49600C11AE1 /* Products */ = {
			isa = PBXGroup;
			children = (
				8E3D05362492A49600C11AE1 /* Swift-Cmdline-Utility */,
			);
			name = Products;
			sourceTree = "<group>";
		};
		8E3D05382492A49600C11AE1 /* Swift-Cmdline-Utility */ = {
			isa = PBXGroup;
			children = (
				8E3D05392492A49600C11AE1 /* main.swift */,
				8E0DB1B4249563C60094972A /* Sources */,
			);
			path = "Swift-Cmdline-Utility";
			sourceTree = "<group>";
		};
/* End PBXGroup section */

/* Begin PBXNativeTarget section */
		8E3D05352492A49600C11AE1 /* Swift-Cmdline-Utility */ = {
			isa = PBXNativeTarget;
			buildConfigurationList = 8E3D053D2492A49600C11AE1 /* Build configuration list for PBXNativeTarget "Swift-Cmdline-Utility" */;
			buildPhases = (
				8E3D05322492A49600C11AE1 /* Sources */,
				8E3D05332492A49600C11AE1 /* Frameworks */,
				8E3D05342492A49600C11AE1 /* CopyFiles */,
			);
			buildRules = (
			);
			dependencies = (
			);
			name = "Swift-Cmdline-Utility";
			productName = "Swift-Cmdline-Utility";
			productReference = 8E3D05362492A49600C11AE1 /* Swift-Cmdline-Utility */;
			productType = "com.apple.product-type.tool";
		};
/* End PBXNativeTarget section */

/* Begin PBXProject section */
		8E3D052E2492A49600C11AE1 /* Project object */ = {
			isa = PBXProject;
			attributes = {
				LastSwiftUpdateCheck = 1150;
				LastUpgradeCheck = 1150;
				ORGANIZATIONNAME = "Erica Sadun";
				TargetAttributes = {
					8E3D05352492A49600C11AE1 = {
						CreatedOnToolsVersion = 11.5;
					};
				};
			};
			buildConfigurationList = 8E3D05312492A49600C11AE1 /* Build configuration list for PBXProject "Swift-Cmdline-Utility" */;
			compatibilityVersion = "Xcode 9.3";
			developmentRegion = en;
			hasScannedForEncodings = 0;
			knownRegions = (
				en,
				Base,
			);
			mainGroup = 8E3D052D2492A49600C11AE1;
			productRefGroup = 8E3D05372492A49600C11AE1 /* Products */;
			projectDirPath = "";
			projectRoot = "";
			targets = (
				8E3D05352492A49600C11AE1 /* Swift-Cmdline-Utility */,
			);
		};
/* End PBXProject section */

/* Begin PBXSourcesBuildPhase section */
		8E3D05322492A49600C11AE1 /* Sources */ = {
			isa = PBXSourcesBuildPhase;
			buildActionMask = 2147483647;
			files = (
				8E0DB1CA249566340094972A /* main.swift in Sources */,
				8E0DB1C02495662C0094972A /* StringUtility.swift in Sources */,
				8E0DB1C12495662C0094972A /* KeyEntry.swift in Sources */,
				8E0DB1CC24956CD60094972A /* SynchronousData.swift in Sources */,
				8E0DB1C22495662C0094972A /* Result+Utility.swift in Sources */,
				8E0DB1C32495662C0094972A /* OutputStream.swift in Sources */,
				8E0DB1C42495662C0094972A /* TransformativeOutputStream.swift in Sources */,
				8E0DB1C52495662C0094972A /* TransformativeOutputStream+Examples.swift in Sources */,
				8E0DB1C62495662C0094972A /* Utility.swift in Sources */,
				8E0DB1C72495662C0094972A /* Execute.swift in Sources */,
				8E0DB1C82495662C0094972A /* Applicative.swift in Sources */,
				8E0DB1C92495662C0094972A /* RuntimeError.swift in Sources */,
			);
			runOnlyForDeploymentPostprocessing = 0;
		};
/* End PBXSourcesBuildPhase section */

/* Begin XCBuildConfiguration section */
		8E3D053B2492A49600C11AE1 /* Debug */ = {
			isa = XCBuildConfiguration;
			buildSettings = {
				ALWAYS_SEARCH_USER_PATHS = NO;
				CLANG_ANALYZER_NONNULL = YES;
				CLANG_ANALYZER_NUMBER_OBJECT_CONVERSION = YES_AGGRESSIVE;
				CLANG_CXX_LANGUAGE_STANDARD = "gnu++14";
				CLANG_CXX_LIBRARY = "libc++";
				CLANG_ENABLE_MODULES = YES;
				CLANG_ENABLE_OBJC_ARC = YES;
				CLANG_ENABLE_OBJC_WEAK = YES;
				CLANG_WARN_BLOCK_CAPTURE_AUTORELEASING = YES;
				CLANG_WARN_BOOL_CONVERSION = YES;
				CLANG_WARN_COMMA = YES;
				CLANG_WARN_CONSTANT_CONVERSION = YES;
				CLANG_WARN_DEPRECATED_OBJC_IMPLEMENTATIONS = YES;
				CLANG_WARN_DIRECT_OBJC_ISA_USAGE = YES_ERROR;
				CLANG_WARN_DOCUMENTATION_COMMENTS = YES;
				CLANG_WARN_EMPTY_BODY = YES;
				CLANG_WARN_ENUM_CONVERSION = YES;
				CLANG_WARN_INFINITE_RECURSION = YES;
				CLANG_WARN_INT_CONVERSION = YES;
				CLANG_WARN_NON_LITERAL_NULL_CONVERSION = YES;
				CLANG_WARN_OBJC_IMPLICIT_RETAIN_SELF = YES;
				CLANG_WARN_OBJC_LITERAL_CONVERSION = YES;
				CLANG_WARN_OBJC_ROOT_CLASS = YES_ERROR;
				CLANG_WARN_RANGE_LOOP_ANALYSIS = YES;
				CLANG_WARN_STRICT_PROTOTYPES = YES;
				CLANG_WARN_SUSPICIOUS_MOVE = YES;
				CLANG_WARN_UNGUARDED_AVAILABILITY = YES_AGGRESSIVE;
				CLANG_WARN_UNREACHABLE_CODE = YES;
				CLANG_WARN__DUPLICATE_METHOD_MATCH = YES;
				COPY_PHASE_STRIP = NO;
				DEBUG_INFORMATION_FORMAT = dwarf;
				ENABLE_STRICT_OBJC_MSGSEND = YES;
				ENABLE_TESTABILITY = YES;
				GCC_C_LANGUAGE_STANDARD = gnu11;
				GCC_DYNAMIC_NO_PIC = NO;
				GCC_NO_COMMON_BLOCKS = YES;
				GCC_OPTIMIZATION_LEVEL = 0;
				GCC_PREPROCESSOR_DEFINITIONS = (
					"DEBUG=1",
					"$(inherited)",
				);
				GCC_WARN_64_TO_32_BIT_CONVERSION = YES;
				GCC_WARN_ABOUT_RETURN_TYPE = YES_ERROR;
				GCC_WARN_UNDECLARED_SELECTOR = YES;
				GCC_WARN_UNINITIALIZED_AUTOS = YES_AGGRESSIVE;
				GCC_WARN_UNUSED_FUNCTION = YES;
				GCC_WARN_UNUSED_VARIABLE = YES;
				MACOSX_DEPLOYMENT_TARGET = 10.15;
				MTL_ENABLE_DEBUG_INFO = INCLUDE_SOURCE;
				MTL_FAST_MATH = YES;
				ONLY_ACTIVE_ARCH = YES;
				SDKROOT = macosx;
				SWIFT_ACTIVE_COMPILATION_CONDITIONS = DEBUG;
				SWIFT_OPTIMIZATION_LEVEL = "-Onone";
			};
			name = Debug;
		};
		8E3D053C2492A49600C11AE1 /* Release */ = {
			isa = XCBuildConfiguration;
			buildSettings = {
				ALWAYS_SEARCH_USER_PATHS = NO;
				CLANG_ANALYZER_NONNULL = YES;
				CLANG_ANALYZER_NUMBER_OBJECT_CONVERSION = YES_AGGRESSIVE;
				CLANG_CXX_LANGUAGE_STANDARD = "gnu++14";
				CLANG_CXX_LIBRARY = "libc++";
				CLANG_ENABLE_MODULES = YES;
				CLANG_ENABLE_OBJC_ARC = YES;
				CLANG_ENABLE_OBJC_WEAK = YES;
				CLANG_WARN_BLOCK_CAPTURE_AUTORELEASING = YES;
				CLANG_WARN_BOOL_CONVERSION = YES;
				CLANG_WARN_COMMA = YES;
				CLANG_WARN_CONSTANT_CONVERSION = YES;
				CLANG_WARN_DEPRECATED_OBJC_IMPLEMENTATIONS = YES;
				CLANG_WARN_DIRECT_OBJC_ISA_USAGE = YES_ERROR;
				CLANG_WARN_DOCUMENTATION_COMMENTS = YES;
				CLANG_WARN_EMPTY_BODY = YES;
				CLANG_WARN_ENUM_CONVERSION = YES;
				CLANG_WARN_INFINITE_RECURSION = YES;
				CLANG_WARN_INT_CONVERSION = YES;
				CLANG_WARN_NON_LITERAL_NULL_CONVERSION = YES;
				CLANG_WARN_OBJC_IMPLICIT_RETAIN_SELF = YES;
				CLANG_WARN_OBJC_LITERAL_CONVERSION = YES;
				CLANG_WARN_OBJC_ROOT_CLASS = YES_ERROR;
				CLANG_WARN_RANGE_LOOP_ANALYSIS = YES;
				CLANG_WARN_STRICT_PROTOTYPES = YES;
				CLANG_WARN_SUSPICIOUS_MOVE = YES;
				CLANG_WARN_UNGUARDED_AVAILABILITY = YES_AGGRESSIVE;
				CLANG_WARN_UNREACHABLE_CODE = YES;
				CLANG_WARN__DUPLICATE_METHOD_MATCH = YES;
				COPY_PHASE_STRIP = NO;
				DEBUG_INFORMATION_FORMAT = "dwarf-with-dsym";
				ENABLE_NS_ASSERTIONS = NO;
				ENABLE_STRICT_OBJC_MSGSEND = YES;
				GCC_C_LANGUAGE_STANDARD = gnu11;
				GCC_NO_COMMON_BLOCKS = YES;
				GCC_WARN_64_TO_32_BIT_CONVERSION = YES;
				GCC_WARN_ABOUT_RETURN_TYPE = YES_ERROR;
				GCC_WARN_UNDECLARED_SELECTOR = YES;
				GCC_WARN_UNINITIALIZED_AUTOS = YES_AGGRESSIVE;
				GCC_WARN_UNUSED_FUNCTION = YES;
				GCC_WARN_UNUSED_VARIABLE = YES;
				MACOSX_DEPLOYMENT_TARGET = 10.15;
				MTL_ENABLE_DEBUG_INFO = NO;
				MTL_FAST_MATH = YES;
				SDKROOT = macosx;
				SWIFT_COMPILATION_MODE = wholemodule;
				SWIFT_OPTIMIZATION_LEVEL = "-O";
			};
			name = Release;
		};
		8E3D053E2492A49600C11AE1 /* Debug */ = {
			isa = XCBuildConfiguration;
			buildSettings = {
				CODE_SIGN_STYLE = Automatic;
				DEVELOPMENT_TEAM = 2W4DVPEQ39;
				ENABLE_HARDENED_RUNTIME = YES;
				PRODUCT_NAME = "$(TARGET_NAME)";
				SWIFT_VERSION = 5.0;
			};
			name = Debug;
		};
		8E3D053F2492A49600C11AE1 /* Release */ = {
			isa = XCBuildConfiguration;
			buildSettings = {
				CODE_SIGN_STYLE = Automatic;
				DEVELOPMENT_TEAM = 2W4DVPEQ39;
				ENABLE_HARDENED_RUNTIME = YES;
				PRODUCT_NAME = "$(TARGET_NAME)";
				SWIFT_VERSION = 5.0;
			};
			name = Release;
		};
/* End XCBuildConfiguration section */

/* Begin XCConfigurationList section */
		8E3D05312492A49600C11AE1 /* Build configuration list for PBXProject "Swift-Cmdline-Utility" */ = {
			isa = XCConfigurationList;
			buildConfigurations = (
				8E3D053B2492A49600C11AE1 /* Debug */,
				8E3D053C2492A49600C11AE1 /* Release */,
			);
			defaultConfigurationIsVisible = 0;
			defaultConfigurationName = Release;
		};
		8E3D053D2492A49600C11AE1 /* Build configuration list for PBXNativeTarget "Swift-Cmdline-Utility" */ = {
			isa = XCConfigurationList;
			buildConfigurations = (
				8E3D053E2492A49600C11AE1 /* Debug */,
				8E3D053F2492A49600C11AE1 /* Release */,
			);
			defaultConfigurationIsVisible = 0;
			defaultConfigurationName = Release;
		};
/* End XCConfigurationList section */
	};
	rootObject = 8E3D052E2492A49600C11AE1 /* Project object */;
}
